// !$*UTF8*$!
{
	archiveVersion = 1;
	classes = {
	};
	objectVersion = 50;
	objects = {

/* Begin PBXBuildFile section */
		4F190994251E189D008D32F5 /* AppDelegate.swift in Sources */ = {isa = PBXBuildFile; fileRef = 4F190993251E189D008D32F5 /* AppDelegate.swift */; };
		4F190996251E189D008D32F5 /* SceneDelegate.swift in Sources */ = {isa = PBXBuildFile; fileRef = 4F190995251E189D008D32F5 /* SceneDelegate.swift */; };
		4F19099B251E189D008D32F5 /* Main.storyboard in Resources */ = {isa = PBXBuildFile; fileRef = 4F190999251E189D008D32F5 /* Main.storyboard */; };
		4F19099D251E18A2008D32F5 /* Assets.xcassets in Resources */ = {isa = PBXBuildFile; fileRef = 4F19099C251E18A2008D32F5 /* Assets.xcassets */; };
		4F1909A0251E18A2008D32F5 /* LaunchScreen.storyboard in Resources */ = {isa = PBXBuildFile; fileRef = 4F19099E251E18A2008D32F5 /* LaunchScreen.storyboard */; };
		4F1909AB251E18A2008D32F5 /* MintTests.swift in Sources */ = {isa = PBXBuildFile; fileRef = 4F1909AA251E18A2008D32F5 /* MintTests.swift */; };
		4F1909B7251E1C00008D32F5 /* CommitHistoryViewController.swift in Sources */ = {isa = PBXBuildFile; fileRef = 4F1909B6251E1C00008D32F5 /* CommitHistoryViewController.swift */; };
		4F1909BA251E1C1F008D32F5 /* CommitHistoryTableViewCell.swift in Sources */ = {isa = PBXBuildFile; fileRef = 4F1909B8251E1C1F008D32F5 /* CommitHistoryTableViewCell.swift */; };
		4F1909BB251E1C1F008D32F5 /* CommitHistoryTableViewCell.xib in Resources */ = {isa = PBXBuildFile; fileRef = 4F1909B9251E1C1F008D32F5 /* CommitHistoryTableViewCell.xib */; };
		4F1909BD251E1E3D008D32F5 /* Cell+Extension.swift in Sources */ = {isa = PBXBuildFile; fileRef = 4F1909BC251E1E3D008D32F5 /* Cell+Extension.swift */; };
		4F1909C0251E2400008D32F5 /* Router.swift in Sources */ = {isa = PBXBuildFile; fileRef = 4F1909BF251E2400008D32F5 /* Router.swift */; };
		4F1909C2251E2415008D32F5 /* HTTPTask.swift in Sources */ = {isa = PBXBuildFile; fileRef = 4F1909C1251E2415008D32F5 /* HTTPTask.swift */; };
		4F1909C4251E2422008D32F5 /* HTTPMethod.swift in Sources */ = {isa = PBXBuildFile; fileRef = 4F1909C3251E2422008D32F5 /* HTTPMethod.swift */; };
		4F1909C8251E244B008D32F5 /* EndpointType.swift in Sources */ = {isa = PBXBuildFile; fileRef = 4F1909C7251E244B008D32F5 /* EndpointType.swift */; };
		4F1909CA251E2464008D32F5 /* NetworkEnvironment.swift in Sources */ = {isa = PBXBuildFile; fileRef = 4F1909C9251E2464008D32F5 /* NetworkEnvironment.swift */; };
		4F1909CC251E2477008D32F5 /* ParameterEncoding.swift in Sources */ = {isa = PBXBuildFile; fileRef = 4F1909CB251E2477008D32F5 /* ParameterEncoding.swift */; };
		4F1909CE251E248C008D32F5 /* URLParameterEncoder.swift in Sources */ = {isa = PBXBuildFile; fileRef = 4F1909CD251E248C008D32F5 /* URLParameterEncoder.swift */; };
		4F1909D0251E2498008D32F5 /* JSONParameterEncoder.swift in Sources */ = {isa = PBXBuildFile; fileRef = 4F1909CF251E2498008D32F5 /* JSONParameterEncoder.swift */; };
		4F1909D2251E24FF008D32F5 /* SessionManager.swift in Sources */ = {isa = PBXBuildFile; fileRef = 4F1909D1251E24FF008D32F5 /* SessionManager.swift */; };
		4F1909D6251E2729008D32F5 /* NetworkError.swift in Sources */ = {isa = PBXBuildFile; fileRef = 4F1909C5251E2437008D32F5 /* NetworkError.swift */; };
		4F1909DD251E2811008D32F5 /* GitHubAPI.swift in Sources */ = {isa = PBXBuildFile; fileRef = 4F1909DC251E2811008D32F5 /* GitHubAPI.swift */; };
		4F1909DF251E2859008D32F5 /* GitHubRequest.swift in Sources */ = {isa = PBXBuildFile; fileRef = 4F1909DE251E2859008D32F5 /* GitHubRequest.swift */; };
		4F1909E1251E292C008D32F5 /* GitCommitResponse.swift in Sources */ = {isa = PBXBuildFile; fileRef = 4F1909E0251E292C008D32F5 /* GitCommitResponse.swift */; };
		4F1909E3251E2A28008D32F5 /* GitHubRequestService.swift in Sources */ = {isa = PBXBuildFile; fileRef = 4F1909E2251E2A28008D32F5 /* GitHubRequestService.swift */; };
/* End PBXBuildFile section */

/* Begin PBXContainerItemProxy section */
		4F1909A7251E18A2008D32F5 /* PBXContainerItemProxy */ = {
			isa = PBXContainerItemProxy;
			containerPortal = 4F190988251E189D008D32F5 /* Project object */;
			proxyType = 1;
			remoteGlobalIDString = 4F19098F251E189D008D32F5;
			remoteInfo = Mint;
		};
/* End PBXContainerItemProxy section */

/* Begin PBXFileReference section */
		4F190990251E189D008D32F5 /* Mint.app */ = {isa = PBXFileReference; explicitFileType = wrapper.application; includeInIndex = 0; path = Mint.app; sourceTree = BUILT_PRODUCTS_DIR; };
		4F190993251E189D008D32F5 /* AppDelegate.swift */ = {isa = PBXFileReference; lastKnownFileType = sourcecode.swift; path = AppDelegate.swift; sourceTree = "<group>"; };
		4F190995251E189D008D32F5 /* SceneDelegate.swift */ = {isa = PBXFileReference; lastKnownFileType = sourcecode.swift; path = SceneDelegate.swift; sourceTree = "<group>"; };
		4F19099A251E189D008D32F5 /* Base */ = {isa = PBXFileReference; lastKnownFileType = file.storyboard; name = Base; path = Base.lproj/Main.storyboard; sourceTree = "<group>"; };
		4F19099C251E18A2008D32F5 /* Assets.xcassets */ = {isa = PBXFileReference; lastKnownFileType = folder.assetcatalog; path = Assets.xcassets; sourceTree = "<group>"; };
		4F19099F251E18A2008D32F5 /* Base */ = {isa = PBXFileReference; lastKnownFileType = file.storyboard; name = Base; path = Base.lproj/LaunchScreen.storyboard; sourceTree = "<group>"; };
		4F1909A1251E18A2008D32F5 /* Info.plist */ = {isa = PBXFileReference; lastKnownFileType = text.plist.xml; path = Info.plist; sourceTree = "<group>"; };
		4F1909A6251E18A2008D32F5 /* MintTests.xctest */ = {isa = PBXFileReference; explicitFileType = wrapper.cfbundle; includeInIndex = 0; path = MintTests.xctest; sourceTree = BUILT_PRODUCTS_DIR; };
		4F1909AA251E18A2008D32F5 /* MintTests.swift */ = {isa = PBXFileReference; lastKnownFileType = sourcecode.swift; path = MintTests.swift; sourceTree = "<group>"; };
		4F1909AC251E18A2008D32F5 /* Info.plist */ = {isa = PBXFileReference; lastKnownFileType = text.plist.xml; path = Info.plist; sourceTree = "<group>"; };
		4F1909B6251E1C00008D32F5 /* CommitHistoryViewController.swift */ = {isa = PBXFileReference; lastKnownFileType = sourcecode.swift; path = CommitHistoryViewController.swift; sourceTree = "<group>"; };
		4F1909B8251E1C1F008D32F5 /* CommitHistoryTableViewCell.swift */ = {isa = PBXFileReference; lastKnownFileType = sourcecode.swift; path = CommitHistoryTableViewCell.swift; sourceTree = "<group>"; };
		4F1909B9251E1C1F008D32F5 /* CommitHistoryTableViewCell.xib */ = {isa = PBXFileReference; lastKnownFileType = file.xib; path = CommitHistoryTableViewCell.xib; sourceTree = "<group>"; };
		4F1909BC251E1E3D008D32F5 /* Cell+Extension.swift */ = {isa = PBXFileReference; lastKnownFileType = sourcecode.swift; path = "Cell+Extension.swift"; sourceTree = "<group>"; };
		4F1909BF251E2400008D32F5 /* Router.swift */ = {isa = PBXFileReference; lastKnownFileType = sourcecode.swift; path = Router.swift; sourceTree = "<group>"; };
		4F1909C1251E2415008D32F5 /* HTTPTask.swift */ = {isa = PBXFileReference; lastKnownFileType = sourcecode.swift; path = HTTPTask.swift; sourceTree = "<group>"; };
		4F1909C3251E2422008D32F5 /* HTTPMethod.swift */ = {isa = PBXFileReference; lastKnownFileType = sourcecode.swift; path = HTTPMethod.swift; sourceTree = "<group>"; };
		4F1909C5251E2437008D32F5 /* NetworkError.swift */ = {isa = PBXFileReference; lastKnownFileType = sourcecode.swift; path = NetworkError.swift; sourceTree = "<group>"; };
		4F1909C7251E244B008D32F5 /* EndpointType.swift */ = {isa = PBXFileReference; lastKnownFileType = sourcecode.swift; path = EndpointType.swift; sourceTree = "<group>"; };
		4F1909C9251E2464008D32F5 /* NetworkEnvironment.swift */ = {isa = PBXFileReference; lastKnownFileType = sourcecode.swift; path = NetworkEnvironment.swift; sourceTree = "<group>"; };
		4F1909CB251E2477008D32F5 /* ParameterEncoding.swift */ = {isa = PBXFileReference; lastKnownFileType = sourcecode.swift; path = ParameterEncoding.swift; sourceTree = "<group>"; };
		4F1909CD251E248C008D32F5 /* URLParameterEncoder.swift */ = {isa = PBXFileReference; lastKnownFileType = sourcecode.swift; path = URLParameterEncoder.swift; sourceTree = "<group>"; };
		4F1909CF251E2498008D32F5 /* JSONParameterEncoder.swift */ = {isa = PBXFileReference; lastKnownFileType = sourcecode.swift; path = JSONParameterEncoder.swift; sourceTree = "<group>"; };
		4F1909D1251E24FF008D32F5 /* SessionManager.swift */ = {isa = PBXFileReference; lastKnownFileType = sourcecode.swift; path = SessionManager.swift; sourceTree = "<group>"; };
		4F1909DC251E2811008D32F5 /* GitHubAPI.swift */ = {isa = PBXFileReference; lastKnownFileType = sourcecode.swift; path = GitHubAPI.swift; sourceTree = "<group>"; };
		4F1909DE251E2859008D32F5 /* GitHubRequest.swift */ = {isa = PBXFileReference; lastKnownFileType = sourcecode.swift; path = GitHubRequest.swift; sourceTree = "<group>"; };
		4F1909E0251E292C008D32F5 /* GitCommitResponse.swift */ = {isa = PBXFileReference; lastKnownFileType = sourcecode.swift; path = GitCommitResponse.swift; sourceTree = "<group>"; };
		4F1909E2251E2A28008D32F5 /* GitHubRequestService.swift */ = {isa = PBXFileReference; lastKnownFileType = sourcecode.swift; path = GitHubRequestService.swift; sourceTree = "<group>"; };
/* End PBXFileReference section */

/* Begin PBXFrameworksBuildPhase section */
		4F19098D251E189D008D32F5 /* Frameworks */ = {
			isa = PBXFrameworksBuildPhase;
			buildActionMask = 2147483647;
			files = (
			);
			runOnlyForDeploymentPostprocessing = 0;
		};
		4F1909A3251E18A2008D32F5 /* Frameworks */ = {
			isa = PBXFrameworksBuildPhase;
			buildActionMask = 2147483647;
			files = (
			);
			runOnlyForDeploymentPostprocessing = 0;
		};
/* End PBXFrameworksBuildPhase section */

/* Begin PBXGroup section */
		4F190987251E189D008D32F5 = {
			isa = PBXGroup;
			children = (
				4F190992251E189D008D32F5 /* Mint */,
				4F1909A9251E18A2008D32F5 /* MintTests */,
				4F190991251E189D008D32F5 /* Products */,
			);
			sourceTree = "<group>";
		};
		4F190991251E189D008D32F5 /* Products */ = {
			isa = PBXGroup;
			children = (
				4F190990251E189D008D32F5 /* Mint.app */,
				4F1909A6251E18A2008D32F5 /* MintTests.xctest */,
			);
			name = Products;
			sourceTree = "<group>";
		};
		4F190992251E189D008D32F5 /* Mint */ = {
			isa = PBXGroup;
			children = (
				4F1909E5251E32F1008D32F5 /* AppDelegate */,
				4F1909DB251E27F9008D32F5 /* API */,
				4F1909BE251E23ED008D32F5 /* Networking */,
				4F1909E7251E331A008D32F5 /* ViewController */,
				4F1909E6251E32FF008D32F5 /* Extension */,
				4F1909E4251E32E2008D32F5 /* Storyboard */,
				4F1909E8251E332B008D32F5 /* Resources */,
			);
			path = Mint;
			sourceTree = "<group>";
		};
		4F1909A9251E18A2008D32F5 /* MintTests */ = {
			isa = PBXGroup;
			children = (
				4F1909AA251E18A2008D32F5 /* MintTests.swift */,
				4F1909AC251E18A2008D32F5 /* Info.plist */,
			);
			path = MintTests;
			sourceTree = "<group>";
		};
		4F1909BE251E23ED008D32F5 /* Networking */ = {
			isa = PBXGroup;
			children = (
				4F1909BF251E2400008D32F5 /* Router.swift */,
				4F1909D5251E2707008D32F5 /* Endpoint */,
				4F1909D4251E26E4008D32F5 /* Network Session */,
				4F1909D3251E26C5008D32F5 /* Parameter Encoding */,
			);
			path = Networking;
			sourceTree = "<group>";
		};
		4F1909D3251E26C5008D32F5 /* Parameter Encoding */ = {
			isa = PBXGroup;
			children = (
				4F1909CB251E2477008D32F5 /* ParameterEncoding.swift */,
				4F1909CD251E248C008D32F5 /* URLParameterEncoder.swift */,
				4F1909CF251E2498008D32F5 /* JSONParameterEncoder.swift */,
			);
			path = "Parameter Encoding";
			sourceTree = "<group>";
		};
		4F1909D4251E26E4008D32F5 /* Network Session */ = {
			isa = PBXGroup;
			children = (
				4F1909D1251E24FF008D32F5 /* SessionManager.swift */,
				4F1909C9251E2464008D32F5 /* NetworkEnvironment.swift */,
			);
			path = "Network Session";
			sourceTree = "<group>";
		};
		4F1909D5251E2707008D32F5 /* Endpoint */ = {
			isa = PBXGroup;
			children = (
				4F1909C1251E2415008D32F5 /* HTTPTask.swift */,
				4F1909C5251E2437008D32F5 /* NetworkError.swift */,
				4F1909C3251E2422008D32F5 /* HTTPMethod.swift */,
				4F1909C7251E244B008D32F5 /* EndpointType.swift */,
			);
			path = Endpoint;
			sourceTree = "<group>";
		};
		4F1909DB251E27F9008D32F5 /* API */ = {
			isa = PBXGroup;
			children = (
				4F1909DC251E2811008D32F5 /* GitHubAPI.swift */,
				4F1909DE251E2859008D32F5 /* GitHubRequest.swift */,
				4F1909E0251E292C008D32F5 /* GitCommitResponse.swift */,
				4F1909E2251E2A28008D32F5 /* GitHubRequestService.swift */,
			);
			path = API;
			sourceTree = "<group>";
		};
		4F1909E4251E32E2008D32F5 /* Storyboard */ = {
			isa = PBXGroup;
			children = (
				4F190999251E189D008D32F5 /* Main.storyboard */,
				4F1909E9251E33B7008D32F5 /* xib */,
			);
			path = Storyboard;
			sourceTree = "<group>";
		};
		4F1909E5251E32F1008D32F5 /* AppDelegate */ = {
			isa = PBXGroup;
			children = (
				4F190993251E189D008D32F5 /* AppDelegate.swift */,
				4F190995251E189D008D32F5 /* SceneDelegate.swift */,
			);
			path = AppDelegate;
			sourceTree = "<group>";
		};
		4F1909E6251E32FF008D32F5 /* Extension */ = {
			isa = PBXGroup;
			children = (
				4F1909BC251E1E3D008D32F5 /* Cell+Extension.swift */,
			);
			path = Extension;
			sourceTree = "<group>";
		};
		4F1909E7251E331A008D32F5 /* ViewController */ = {
			isa = PBXGroup;
			children = (
				4F1909B6251E1C00008D32F5 /* CommitHistoryViewController.swift */,
				4F1909B8251E1C1F008D32F5 /* CommitHistoryTableViewCell.swift */,
			);
			name = ViewController;
			sourceTree = "<group>";
		};
		4F1909E8251E332B008D32F5 /* Resources */ = {
			isa = PBXGroup;
			children = (
				4F1909A1251E18A2008D32F5 /* Info.plist */,
				4F19099C251E18A2008D32F5 /* Assets.xcassets */,
				4F19099E251E18A2008D32F5 /* LaunchScreen.storyboard */,
			);
			path = Resources;
			sourceTree = "<group>";
		};
		4F1909E9251E33B7008D32F5 /* xib */ = {
			isa = PBXGroup;
			children = (
				4F1909B9251E1C1F008D32F5 /* CommitHistoryTableViewCell.xib */,
			);
			path = xib;
			sourceTree = "<group>";
		};
/* End PBXGroup section */

/* Begin PBXNativeTarget section */
		4F19098F251E189D008D32F5 /* Mint */ = {
			isa = PBXNativeTarget;
			buildConfigurationList = 4F1909AF251E18A2008D32F5 /* Build configuration list for PBXNativeTarget "Mint" */;
			buildPhases = (
				4F19098C251E189D008D32F5 /* Sources */,
				4F19098D251E189D008D32F5 /* Frameworks */,
				4F19098E251E189D008D32F5 /* Resources */,
				4F1909B5251E1999008D32F5 /* SwiftLint + Run Script */,
			);
			buildRules = (
			);
			dependencies = (
			);
			name = Mint;
			productName = Mint;
			productReference = 4F190990251E189D008D32F5 /* Mint.app */;
			productType = "com.apple.product-type.application";
		};
		4F1909A5251E18A2008D32F5 /* MintTests */ = {
			isa = PBXNativeTarget;
			buildConfigurationList = 4F1909B2251E18A2008D32F5 /* Build configuration list for PBXNativeTarget "MintTests" */;
			buildPhases = (
				4F1909A2251E18A2008D32F5 /* Sources */,
				4F1909A3251E18A2008D32F5 /* Frameworks */,
				4F1909A4251E18A2008D32F5 /* Resources */,
			);
			buildRules = (
			);
			dependencies = (
				4F1909A8251E18A2008D32F5 /* PBXTargetDependency */,
			);
			name = MintTests;
			productName = MintTests;
			productReference = 4F1909A6251E18A2008D32F5 /* MintTests.xctest */;
			productType = "com.apple.product-type.bundle.unit-test";
		};
/* End PBXNativeTarget section */

/* Begin PBXProject section */
		4F190988251E189D008D32F5 /* Project object */ = {
			isa = PBXProject;
			attributes = {
				LastSwiftUpdateCheck = 1170;
				LastUpgradeCheck = 1170;
				ORGANIZATIONNAME = "OYEGOKE TOMISIN";
				TargetAttributes = {
					4F19098F251E189D008D32F5 = {
						CreatedOnToolsVersion = 11.7;
					};
					4F1909A5251E18A2008D32F5 = {
						CreatedOnToolsVersion = 11.7;
						TestTargetID = 4F19098F251E189D008D32F5;
					};
				};
			};
			buildConfigurationList = 4F19098B251E189D008D32F5 /* Build configuration list for PBXProject "Mint" */;
			compatibilityVersion = "Xcode 9.3";
			developmentRegion = en;
			hasScannedForEncodings = 0;
			knownRegions = (
				en,
				Base,
			);
			mainGroup = 4F190987251E189D008D32F5;
			productRefGroup = 4F190991251E189D008D32F5 /* Products */;
			projectDirPath = "";
			projectRoot = "";
			targets = (
				4F19098F251E189D008D32F5 /* Mint */,
				4F1909A5251E18A2008D32F5 /* MintTests */,
			);
		};
/* End PBXProject section */

/* Begin PBXResourcesBuildPhase section */
		4F19098E251E189D008D32F5 /* Resources */ = {
			isa = PBXResourcesBuildPhase;
			buildActionMask = 2147483647;
			files = (
				4F1909A0251E18A2008D32F5 /* LaunchScreen.storyboard in Resources */,
				4F1909BB251E1C1F008D32F5 /* CommitHistoryTableViewCell.xib in Resources */,
				4F19099D251E18A2008D32F5 /* Assets.xcassets in Resources */,
				4F19099B251E189D008D32F5 /* Main.storyboard in Resources */,
			);
			runOnlyForDeploymentPostprocessing = 0;
		};
		4F1909A4251E18A2008D32F5 /* Resources */ = {
			isa = PBXResourcesBuildPhase;
			buildActionMask = 2147483647;
			files = (
			);
			runOnlyForDeploymentPostprocessing = 0;
		};
/* End PBXResourcesBuildPhase section */

/* Begin PBXShellScriptBuildPhase section */
		4F1909B5251E1999008D32F5 /* SwiftLint + Run Script */ = {
			isa = PBXShellScriptBuildPhase;
			buildActionMask = 2147483647;
			files = (
			);
			inputFileListPaths = (
			);
			inputPaths = (
			);
			name = "SwiftLint + Run Script";
			outputFileListPaths = (
			);
			outputPaths = (
			);
			runOnlyForDeploymentPostprocessing = 0;
			shellPath = /bin/sh;
			shellScript = "# Type a script or drag a script file from your workspace to insert its path.\nif which swiftlint >/dev/null; then\n  swiftlint --config .swiftlint.yml\nelse\n  echo \"warning: SwiftLint not installed, download from https://github.com/realm/SwiftLint\"\nfi\n\n";
		};
/* End PBXShellScriptBuildPhase section */

/* Begin PBXSourcesBuildPhase section */
		4F19098C251E189D008D32F5 /* Sources */ = {
			isa = PBXSourcesBuildPhase;
			buildActionMask = 2147483647;
			files = (
				4F1909C8251E244B008D32F5 /* EndpointType.swift in Sources */,
				4F1909C2251E2415008D32F5 /* HTTPTask.swift in Sources */,
				4F190994251E189D008D32F5 /* AppDelegate.swift in Sources */,
				4F1909BD251E1E3D008D32F5 /* Cell+Extension.swift in Sources */,
				4F1909CA251E2464008D32F5 /* NetworkEnvironment.swift in Sources */,
				4F1909B7251E1C00008D32F5 /* CommitHistoryViewController.swift in Sources */,
				4F1909E1251E292C008D32F5 /* GitCommitResponse.swift in Sources */,
				4F1909CC251E2477008D32F5 /* ParameterEncoding.swift in Sources */,
				4F1909DD251E2811008D32F5 /* GitHubAPI.swift in Sources */,
				4F1909C4251E2422008D32F5 /* HTTPMethod.swift in Sources */,
				4F1909E3251E2A28008D32F5 /* GitHubRequestService.swift in Sources */,
				4F1909DF251E2859008D32F5 /* GitHubRequest.swift in Sources */,
				4F1909D2251E24FF008D32F5 /* SessionManager.swift in Sources */,
				4F1909D6251E2729008D32F5 /* NetworkError.swift in Sources */,
				4F1909CE251E248C008D32F5 /* URLParameterEncoder.swift in Sources */,
				4F1909BA251E1C1F008D32F5 /* CommitHistoryTableViewCell.swift in Sources */,
				4F1909C0251E2400008D32F5 /* Router.swift in Sources */,
				4F1909D0251E2498008D32F5 /* JSONParameterEncoder.swift in Sources */,
				4F190996251E189D008D32F5 /* SceneDelegate.swift in Sources */,
			);
			runOnlyForDeploymentPostprocessing = 0;
		};
		4F1909A2251E18A2008D32F5 /* Sources */ = {
			isa = PBXSourcesBuildPhase;
			buildActionMask = 2147483647;
			files = (
				4F1909AB251E18A2008D32F5 /* MintTests.swift in Sources */,
			);
			runOnlyForDeploymentPostprocessing = 0;
		};
/* End PBXSourcesBuildPhase section */

/* Begin PBXTargetDependency section */
		4F1909A8251E18A2008D32F5 /* PBXTargetDependency */ = {
			isa = PBXTargetDependency;
			target = 4F19098F251E189D008D32F5 /* Mint */;
			targetProxy = 4F1909A7251E18A2008D32F5 /* PBXContainerItemProxy */;
		};
/* End PBXTargetDependency section */

/* Begin PBXVariantGroup section */
		4F190999251E189D008D32F5 /* Main.storyboard */ = {
			isa = PBXVariantGroup;
			children = (
				4F19099A251E189D008D32F5 /* Base */,
			);
			name = Main.storyboard;
			sourceTree = "<group>";
		};
		4F19099E251E18A2008D32F5 /* LaunchScreen.storyboard */ = {
			isa = PBXVariantGroup;
			children = (
				4F19099F251E18A2008D32F5 /* Base */,
			);
			name = LaunchScreen.storyboard;
			sourceTree = "<group>";
		};
/* End PBXVariantGroup section */

/* Begin XCBuildConfiguration section */
		4F1909AD251E18A2008D32F5 /* Debug */ = {
			isa = XCBuildConfiguration;
			buildSettings = {
				ALWAYS_SEARCH_USER_PATHS = NO;
				CLANG_ANALYZER_NONNULL = YES;
				CLANG_ANALYZER_NUMBER_OBJECT_CONVERSION = YES_AGGRESSIVE;
				CLANG_CXX_LANGUAGE_STANDARD = "gnu++14";
				CLANG_CXX_LIBRARY = "libc++";
				CLANG_ENABLE_MODULES = YES;
				CLANG_ENABLE_OBJC_ARC = YES;
				CLANG_ENABLE_OBJC_WEAK = YES;
				CLANG_WARN_BLOCK_CAPTURE_AUTORELEASING = YES;
				CLANG_WARN_BOOL_CONVERSION = YES;
				CLANG_WARN_COMMA = YES;
				CLANG_WARN_CONSTANT_CONVERSION = YES;
				CLANG_WARN_DEPRECATED_OBJC_IMPLEMENTATIONS = YES;
				CLANG_WARN_DIRECT_OBJC_ISA_USAGE = YES_ERROR;
				CLANG_WARN_DOCUMENTATION_COMMENTS = YES;
				CLANG_WARN_EMPTY_BODY = YES;
				CLANG_WARN_ENUM_CONVERSION = YES;
				CLANG_WARN_INFINITE_RECURSION = YES;
				CLANG_WARN_INT_CONVERSION = YES;
				CLANG_WARN_NON_LITERAL_NULL_CONVERSION = YES;
				CLANG_WARN_OBJC_IMPLICIT_RETAIN_SELF = YES;
				CLANG_WARN_OBJC_LITERAL_CONVERSION = YES;
				CLANG_WARN_OBJC_ROOT_CLASS = YES_ERROR;
				CLANG_WARN_RANGE_LOOP_ANALYSIS = YES;
				CLANG_WARN_STRICT_PROTOTYPES = YES;
				CLANG_WARN_SUSPICIOUS_MOVE = YES;
				CLANG_WARN_UNGUARDED_AVAILABILITY = YES_AGGRESSIVE;
				CLANG_WARN_UNREACHABLE_CODE = YES;
				CLANG_WARN__DUPLICATE_METHOD_MATCH = YES;
				COPY_PHASE_STRIP = NO;
				DEBUG_INFORMATION_FORMAT = dwarf;
				ENABLE_STRICT_OBJC_MSGSEND = YES;
				ENABLE_TESTABILITY = YES;
				GCC_C_LANGUAGE_STANDARD = gnu11;
				GCC_DYNAMIC_NO_PIC = NO;
				GCC_NO_COMMON_BLOCKS = YES;
				GCC_OPTIMIZATION_LEVEL = 0;
				GCC_PREPROCESSOR_DEFINITIONS = (
					"DEBUG=1",
					"$(inherited)",
				);
				GCC_WARN_64_TO_32_BIT_CONVERSION = YES;
				GCC_WARN_ABOUT_RETURN_TYPE = YES_ERROR;
				GCC_WARN_UNDECLARED_SELECTOR = YES;
				GCC_WARN_UNINITIALIZED_AUTOS = YES_AGGRESSIVE;
				GCC_WARN_UNUSED_FUNCTION = YES;
				GCC_WARN_UNUSED_VARIABLE = YES;
				IPHONEOS_DEPLOYMENT_TARGET = 13.7;
				MTL_ENABLE_DEBUG_INFO = INCLUDE_SOURCE;
				MTL_FAST_MATH = YES;
				ONLY_ACTIVE_ARCH = YES;
				SDKROOT = iphoneos;
				SWIFT_ACTIVE_COMPILATION_CONDITIONS = DEBUG;
				SWIFT_OPTIMIZATION_LEVEL = "-Onone";
			};
			name = Debug;
		};
		4F1909AE251E18A2008D32F5 /* Release */ = {
			isa = XCBuildConfiguration;
			buildSettings = {
				ALWAYS_SEARCH_USER_PATHS = NO;
				CLANG_ANALYZER_NONNULL = YES;
				CLANG_ANALYZER_NUMBER_OBJECT_CONVERSION = YES_AGGRESSIVE;
				CLANG_CXX_LANGUAGE_STANDARD = "gnu++14";
				CLANG_CXX_LIBRARY = "libc++";
				CLANG_ENABLE_MODULES = YES;
				CLANG_ENABLE_OBJC_ARC = YES;
				CLANG_ENABLE_OBJC_WEAK = YES;
				CLANG_WARN_BLOCK_CAPTURE_AUTORELEASING = YES;
				CLANG_WARN_BOOL_CONVERSION = YES;
				CLANG_WARN_COMMA = YES;
				CLANG_WARN_CONSTANT_CONVERSION = YES;
				CLANG_WARN_DEPRECATED_OBJC_IMPLEMENTATIONS = YES;
				CLANG_WARN_DIRECT_OBJC_ISA_USAGE = YES_ERROR;
				CLANG_WARN_DOCUMENTATION_COMMENTS = YES;
				CLANG_WARN_EMPTY_BODY = YES;
				CLANG_WARN_ENUM_CONVERSION = YES;
				CLANG_WARN_INFINITE_RECURSION = YES;
				CLANG_WARN_INT_CONVERSION = YES;
				CLANG_WARN_NON_LITERAL_NULL_CONVERSION = YES;
				CLANG_WARN_OBJC_IMPLICIT_RETAIN_SELF = YES;
				CLANG_WARN_OBJC_LITERAL_CONVERSION = YES;
				CLANG_WARN_OBJC_ROOT_CLASS = YES_ERROR;
				CLANG_WARN_RANGE_LOOP_ANALYSIS = YES;
				CLANG_WARN_STRICT_PROTOTYPES = YES;
				CLANG_WARN_SUSPICIOUS_MOVE = YES;
				CLANG_WARN_UNGUARDED_AVAILABILITY = YES_AGGRESSIVE;
				CLANG_WARN_UNREACHABLE_CODE = YES;
				CLANG_WARN__DUPLICATE_METHOD_MATCH = YES;
				COPY_PHASE_STRIP = NO;
				DEBUG_INFORMATION_FORMAT = "dwarf-with-dsym";
				ENABLE_NS_ASSERTIONS = NO;
				ENABLE_STRICT_OBJC_MSGSEND = YES;
				GCC_C_LANGUAGE_STANDARD = gnu11;
				GCC_NO_COMMON_BLOCKS = YES;
				GCC_WARN_64_TO_32_BIT_CONVERSION = YES;
				GCC_WARN_ABOUT_RETURN_TYPE = YES_ERROR;
				GCC_WARN_UNDECLARED_SELECTOR = YES;
				GCC_WARN_UNINITIALIZED_AUTOS = YES_AGGRESSIVE;
				GCC_WARN_UNUSED_FUNCTION = YES;
				GCC_WARN_UNUSED_VARIABLE = YES;
				IPHONEOS_DEPLOYMENT_TARGET = 13.7;
				MTL_ENABLE_DEBUG_INFO = NO;
				MTL_FAST_MATH = YES;
				SDKROOT = iphoneos;
				SWIFT_COMPILATION_MODE = wholemodule;
				SWIFT_OPTIMIZATION_LEVEL = "-O";
				VALIDATE_PRODUCT = YES;
			};
			name = Release;
		};
		4F1909B0251E18A2008D32F5 /* Debug */ = {
			isa = XCBuildConfiguration;
			buildSettings = {
				ASSETCATALOG_COMPILER_APPICON_NAME = AppIcon;
				CODE_SIGN_STYLE = Automatic;
				INFOPLIST_FILE = Mint/Resources/Info.plist;
				LD_RUNPATH_SEARCH_PATHS = (
					"$(inherited)",
					"@executable_path/Frameworks",
				);
				PRODUCT_BUNDLE_IDENTIFIER = com.tomisin.Mint;
				PRODUCT_NAME = "$(TARGET_NAME)";
				SWIFT_VERSION = 5.0;
				TARGETED_DEVICE_FAMILY = "1,2";
			};
			name = Debug;
		};
		4F1909B1251E18A2008D32F5 /* Release */ = {
			isa = XCBuildConfiguration;
			buildSettings = {
				ASSETCATALOG_COMPILER_APPICON_NAME = AppIcon;
				CODE_SIGN_STYLE = Automatic;
				INFOPLIST_FILE = Mint/Resources/Info.plist;
				LD_RUNPATH_SEARCH_PATHS = (
					"$(inherited)",
					"@executable_path/Frameworks",
				);
				PRODUCT_BUNDLE_IDENTIFIER = com.tomisin.Mint;
				PRODUCT_NAME = "$(TARGET_NAME)";
				SWIFT_VERSION = 5.0;
				TARGETED_DEVICE_FAMILY = "1,2";
			};
			name = Release;
		};
		4F1909B3251E18A2008D32F5 /* Debug */ = {
			isa = XCBuildConfiguration;
			buildSettings = {
				ALWAYS_EMBED_SWIFT_STANDARD_LIBRARIES = YES;
				BUNDLE_LOADER = "$(TEST_HOST)";
				CODE_SIGN_STYLE = Automatic;
				INFOPLIST_FILE = MintTests/Info.plist;
				IPHONEOS_DEPLOYMENT_TARGET = 13.7;
				LD_RUNPATH_SEARCH_PATHS = (
					"$(inherited)",
					"@executable_path/Frameworks",
					"@loader_path/Frameworks",
				);
				PRODUCT_BUNDLE_IDENTIFIER = com.tomisin.MintTests;
				PRODUCT_NAME = "$(TARGET_NAME)";
				SWIFT_VERSION = 5.0;
				TARGETED_DEVICE_FAMILY = "1,2";
				TEST_HOST = "$(BUILT_PRODUCTS_DIR)/Mint.app/Mint";
			};
			name = Debug;
		};
		4F1909B4251E18A2008D32F5 /* Release */ = {
			isa = XCBuildConfiguration;
			buildSettings = {
				ALWAYS_EMBED_SWIFT_STANDARD_LIBRARIES = YES;
				BUNDLE_LOADER = "$(TEST_HOST)";
				CODE_SIGN_STYLE = Automatic;
				INFOPLIST_FILE = MintTests/Info.plist;
				IPHONEOS_DEPLOYMENT_TARGET = 13.7;
				LD_RUNPATH_SEARCH_PATHS = (
					"$(inherited)",
					"@executable_path/Frameworks",
					"@loader_path/Frameworks",
				);
				PRODUCT_BUNDLE_IDENTIFIER = com.tomisin.MintTests;
				PRODUCT_NAME = "$(TARGET_NAME)";
				SWIFT_VERSION = 5.0;
				TARGETED_DEVICE_FAMILY = "1,2";
				TEST_HOST = "$(BUILT_PRODUCTS_DIR)/Mint.app/Mint";
			};
			name = Release;
		};
/* End XCBuildConfiguration section */

/* Begin XCConfigurationList section */
		4F19098B251E189D008D32F5 /* Build configuration list for PBXProject "Mint" */ = {
			isa = XCConfigurationList;
			buildConfigurations = (
				4F1909AD251E18A2008D32F5 /* Debug */,
				4F1909AE251E18A2008D32F5 /* Release */,
			);
			defaultConfigurationIsVisible = 0;
			defaultConfigurationName = Release;
		};
		4F1909AF251E18A2008D32F5 /* Build configuration list for PBXNativeTarget "Mint" */ = {
			isa = XCConfigurationList;
			buildConfigurations = (
				4F1909B0251E18A2008D32F5 /* Debug */,
				4F1909B1251E18A2008D32F5 /* Release */,
			);
			defaultConfigurationIsVisible = 0;
			defaultConfigurationName = Release;
		};
		4F1909B2251E18A2008D32F5 /* Build configuration list for PBXNativeTarget "MintTests" */ = {
			isa = XCConfigurationList;
			buildConfigurations = (
				4F1909B3251E18A2008D32F5 /* Debug */,
				4F1909B4251E18A2008D32F5 /* Release */,
			);
			defaultConfigurationIsVisible = 0;
			defaultConfigurationName = Release;
		};
/* End XCConfigurationList section */
	};
	rootObject = 4F190988251E189D008D32F5 /* Project object */;
}
